
Microsoft Visual Studio Solution File, Format Version 12.00
Project("{FAE04EC0-301F-11D3-BF4B-00C04F79EFBC}") = "Antlers", "Antlers\Antlers.csproj", "{9AE21D3A-F150-41C8-A29C-4979F6DEDBA0}"
EndProject
Project("{FAE04EC0-301F-11D3-BF4B-00C04F79EFBC}") = "Antlers.UnitTests", "Antlers.UnitTests\Antlers.UnitTests.csproj", "{60DF8D28-DA92-4E48-A8A3-84059D96A7C5}"
EndProject
Project("{FAE04EC0-301F-11D3-BF4B-00C04F79EFBC}") = "Antlers.IntegrationTests", "Antlers.IntegrationTests\Antlers.IntegrationTests.csproj", "{40259638-3A11-43D8-8E07-9095051D15A6}"
EndProject
Global
	GlobalSection(SolutionConfigurationPlatforms) = preSolution
		Debug|Any CPU = Debug|Any CPU
		Release|Any CPU = Release|Any CPU
	EndGlobalSection
	GlobalSection(ProjectConfigurationPlatforms) = postSolution
		{9AE21D3A-F150-41C8-A29C-4979F6DEDBA0}.Debug|Any CPU.ActiveCfg = Debug|Any CPU
		{9AE21D3A-F150-41C8-A29C-4979F6DEDBA0}.Debug|Any CPU.Build.0 = Debug|Any CPU
		{9AE21D3A-F150-41C8-A29C-4979F6DEDBA0}.Release|Any CPU.ActiveCfg = Release|Any CPU
		{9AE21D3A-F150-41C8-A29C-4979F6DEDBA0}.Release|Any CPU.Build.0 = Release|Any CPU
		{60DF8D28-DA92-4E48-A8A3-84059D96A7C5}.Debug|Any CPU.ActiveCfg = Debug|Any CPU
		{60DF8D28-DA92-4E48-A8A3-84059D96A7C5}.Debug|Any CPU.Build.0 = Debug|Any CPU
		{60DF8D28-DA92-4E48-A8A3-84059D96A7C5}.Release|Any CPU.ActiveCfg = Release|Any CPU
		{60DF8D28-DA92-4E48-A8A3-84059D96A7C5}.Release|Any CPU.Build.0 = Release|Any CPU
		{40259638-3A11-43D8-8E07-9095051D15A6}.Debug|Any CPU.ActiveCfg = Debug|Any CPU
		{40259638-3A11-43D8-8E07-9095051D15A6}.Debug|Any CPU.Build.0 = Debug|Any CPU
		{40259638-3A11-43D8-8E07-9095051D15A6}.Release|Any CPU.ActiveCfg = Release|Any CPU
		{40259638-3A11-43D8-8E07-9095051D15A6}.Release|Any CPU.Build.0 = Release|Any CPU
	EndGlobalSection
EndGlobal
